
Microsoft Visual Studio Solution File, Format Version 12.00
# Visual Studio 15
VisualStudioVersion = 15.0.26730.10
MinimumVisualStudioVersion = 10.0.40219.1
Project("{8BC9CEB8-8B4A-11D0-8D11-00A0C91BC942}") = "reverse", "reverse\reverse.vcxproj", "{4BA7C6D7-BD46-4DD2-8CC8-AECCB52FF011}"
EndProject
Global
	GlobalSection(SolutionConfigurationPlatforms) = preSolution
		Debug|x64 = Debug|x64
		Debug|x86 = Debug|x86
		Release|x64 = Release|x64
		Release|x86 = Release|x86
	EndGlobalSection
	GlobalSection(ProjectConfigurationPlatforms) = postSolution
		{4BA7C6D7-BD46-4DD2-8CC8-AECCB52FF011}.Debug|x64.ActiveCfg = Debug|x64
		{4BA7C6D7-BD46-4DD2-8CC8-AECCB52FF011}.Debug|x64.Build.0 = Debug|x64
		{4BA7C6D7-BD46-4DD2-8CC8-AECCB52FF011}.Debug|x86.ActiveCfg = Debug|Win32
		{4BA7C6D7-BD46-4DD2-8CC8-AECCB52FF011}.Debug|x86.Build.0 = Debug|Win32
		{4BA7C6D7-BD46-4DD2-8CC8-AECCB52FF011}.Release|x64.ActiveCfg = Release|x64
		{4BA7C6D7-BD46-4DD2-8CC8-AECCB52FF011}.Release|x64.Build.0 = Release|x64
		{4BA7C6D7-BD46-4DD2-8CC8-AECCB52FF011}.Release|x86.ActiveCfg = Release|Win32
		{4BA7C6D7-BD46-4DD2-8CC8-AECCB52FF011}.Release|x86.Build.0 = Release|Win32
	EndGlobalSection
	GlobalSection(SolutionProperties) = preSolution
		HideSolutionNode = FALSE
	EndGlobalSection
	GlobalSection(ExtensibilityGlobals) = postSolution
		SolutionGuid = {574DB56A-3514-4D44-8C1C-09E223F8EA4C}
	EndGlobalSection
EndGlobal
